// !$*UTF8*$!
{
	archiveVersion = 1;
	classes = {
	};
	objectVersion = 46;
	objects = {

/* Begin PBXBuildFile section */
		08DE56951FA46E8800B152AC /* AppDelegate.swift in Sources */ = {isa = PBXBuildFile; fileRef = 08DE56941FA46E8800B152AC /* AppDelegate.swift */; };
		08DE569A1FA46E8800B152AC /* Main.storyboard in Resources */ = {isa = PBXBuildFile; fileRef = 08DE56981FA46E8800B152AC /* Main.storyboard */; };
		08DE569C1FA46E8800B152AC /* Assets.xcassets in Resources */ = {isa = PBXBuildFile; fileRef = 08DE569B1FA46E8800B152AC /* Assets.xcassets */; };
		08DE569F1FA46E8800B152AC /* LaunchScreen.storyboard in Resources */ = {isa = PBXBuildFile; fileRef = 08DE569D1FA46E8800B152AC /* LaunchScreen.storyboard */; };
		08DE56AA1FA475D500B152AC /* LoginViewController.swift in Sources */ = {isa = PBXBuildFile; fileRef = 08DE56A91FA475D500B152AC /* LoginViewController.swift */; };
		A026BC675EF95A340F361E8E /* Pods_issuesApp.framework in Frameworks */ = {isa = PBXBuildFile; fileRef = 5F13E684224B561137D0DE01 /* Pods_issuesApp.framework */; };
/* End PBXBuildFile section */

/* Begin PBXFileReference section */
		08DE56911FA46E8800B152AC /* issuesApp.app */ = {isa = PBXFileReference; explicitFileType = wrapper.application; includeInIndex = 0; path = issuesApp.app; sourceTree = BUILT_PRODUCTS_DIR; };
		08DE56941FA46E8800B152AC /* AppDelegate.swift */ = {isa = PBXFileReference; lastKnownFileType = sourcecode.swift; path = AppDelegate.swift; sourceTree = "<group>"; };
		08DE56991FA46E8800B152AC /* Base */ = {isa = PBXFileReference; lastKnownFileType = file.storyboard; name = Base; path = Base.lproj/Main.storyboard; sourceTree = "<group>"; };
		08DE569B1FA46E8800B152AC /* Assets.xcassets */ = {isa = PBXFileReference; lastKnownFileType = folder.assetcatalog; path = Assets.xcassets; sourceTree = "<group>"; };
		08DE569E1FA46E8800B152AC /* Base */ = {isa = PBXFileReference; lastKnownFileType = file.storyboard; name = Base; path = Base.lproj/LaunchScreen.storyboard; sourceTree = "<group>"; };
		08DE56A01FA46E8800B152AC /* Info.plist */ = {isa = PBXFileReference; lastKnownFileType = text.plist.xml; path = Info.plist; sourceTree = "<group>"; };
		08DE56A91FA475D500B152AC /* LoginViewController.swift */ = {isa = PBXFileReference; fileEncoding = 4; lastKnownFileType = sourcecode.swift; path = LoginViewController.swift; sourceTree = "<group>"; };
		27325D7E0AE45669A71D962A /* Pods-issuesApp.debug.xcconfig */ = {isa = PBXFileReference; includeInIndex = 1; lastKnownFileType = text.xcconfig; name = "Pods-issuesApp.debug.xcconfig"; path = "Pods/Target Support Files/Pods-issuesApp/Pods-issuesApp.debug.xcconfig"; sourceTree = "<group>"; };
		5F13E684224B561137D0DE01 /* Pods_issuesApp.framework */ = {isa = PBXFileReference; explicitFileType = wrapper.framework; includeInIndex = 0; path = Pods_issuesApp.framework; sourceTree = BUILT_PRODUCTS_DIR; };
		79E17397501EC7CD6FB22CF4 /* Pods-issuesApp.release.xcconfig */ = {isa = PBXFileReference; includeInIndex = 1; lastKnownFileType = text.xcconfig; name = "Pods-issuesApp.release.xcconfig"; path = "Pods/Target Support Files/Pods-issuesApp/Pods-issuesApp.release.xcconfig"; sourceTree = "<group>"; };
/* End PBXFileReference section */

/* Begin PBXFrameworksBuildPhase section */
		08DE568E1FA46E8700B152AC /* Frameworks */ = {
			isa = PBXFrameworksBuildPhase;
			buildActionMask = 2147483647;
			files = (
				A026BC675EF95A340F361E8E /* Pods_issuesApp.framework in Frameworks */,
			);
			runOnlyForDeploymentPostprocessing = 0;
		};
/* End PBXFrameworksBuildPhase section */

/* Begin PBXGroup section */
		08DE56881FA46E8700B152AC = {
			isa = PBXGroup;
			children = (
				08DE56931FA46E8800B152AC /* issuesApp */,
				08DE56921FA46E8800B152AC /* Products */,
				38EA4EBF63A1F071B636C093 /* Pods */,
				67F64E533C99EE407DF0C07A /* Frameworks */,
			);
			sourceTree = "<group>";
		};
		08DE56921FA46E8800B152AC /* Products */ = {
			isa = PBXGroup;
			children = (
				08DE56911FA46E8800B152AC /* issuesApp.app */,
			);
			name = Products;
			sourceTree = "<group>";
		};
		08DE56931FA46E8800B152AC /* issuesApp */ = {
			isa = PBXGroup;
			children = (
				08DE56A61FA4748400B152AC /* View */,
				08DE56941FA46E8800B152AC /* AppDelegate.swift */,
				08DE56981FA46E8800B152AC /* Main.storyboard */,
				08DE569B1FA46E8800B152AC /* Assets.xcassets */,
				08DE569D1FA46E8800B152AC /* LaunchScreen.storyboard */,
				08DE56A01FA46E8800B152AC /* Info.plist */,
			);
			path = issuesApp;
			sourceTree = "<group>";
		};
		08DE56A61FA4748400B152AC /* View */ = {
			isa = PBXGroup;
			children = (
				08DE56A91FA475D500B152AC /* LoginViewController.swift */,
			);
			name = View;
			sourceTree = "<group>";
		};
		38EA4EBF63A1F071B636C093 /* Pods */ = {
			isa = PBXGroup;
			children = (
				27325D7E0AE45669A71D962A /* Pods-issuesApp.debug.xcconfig */,
				79E17397501EC7CD6FB22CF4 /* Pods-issuesApp.release.xcconfig */,
			);
			name = Pods;
			sourceTree = "<group>";
		};
		67F64E533C99EE407DF0C07A /* Frameworks */ = {
			isa = PBXGroup;
			children = (
				5F13E684224B561137D0DE01 /* Pods_issuesApp.framework */,
			);
			name = Frameworks;
			sourceTree = "<group>";
		};
/* End PBXGroup section */

/* Begin PBXNativeTarget section */
		08DE56901FA46E8700B152AC /* issuesApp */ = {
			isa = PBXNativeTarget;
			buildConfigurationList = 08DE56A31FA46E8800B152AC /* Build configuration list for PBXNativeTarget "issuesApp" */;
			buildPhases = (
				6FCD4398DBF63BE9CB0405B3 /* [CP] Check Pods Manifest.lock */,
				08DE568D1FA46E8700B152AC /* Sources */,
				08DE568E1FA46E8700B152AC /* Frameworks */,
				08DE568F1FA46E8700B152AC /* Resources */,
				DC87894E9AFDDC1CB2C11D89 /* [CP] Embed Pods Frameworks */,
				43A9F59A9D99883889E3A610 /* [CP] Copy Pods Resources */,
			);
			buildRules = (
			);
			dependencies = (
			);
			name = issuesApp;
			productName = issuesApp;
			productReference = 08DE56911FA46E8800B152AC /* issuesApp.app */;
			productType = "com.apple.product-type.application";
		};
/* End PBXNativeTarget section */

/* Begin PBXProject section */
		08DE56891FA46E8700B152AC /* Project object */ = {
			isa = PBXProject;
			attributes = {
				LastSwiftUpdateCheck = 0800;
				LastUpgradeCheck = 0800;
				ORGANIZATIONNAME = JUNYOUNG;
				TargetAttributes = {
					08DE56901FA46E8700B152AC = {
						CreatedOnToolsVersion = 8.0;
						ProvisioningStyle = Automatic;
					};
				};
			};
			buildConfigurationList = 08DE568C1FA46E8700B152AC /* Build configuration list for PBXProject "issuesApp" */;
			compatibilityVersion = "Xcode 3.2";
			developmentRegion = English;
			hasScannedForEncodings = 0;
			knownRegions = (
				en,
				Base,
			);
			mainGroup = 08DE56881FA46E8700B152AC;
			productRefGroup = 08DE56921FA46E8800B152AC /* Products */;
			projectDirPath = "";
			projectRoot = "";
			targets = (
				08DE56901FA46E8700B152AC /* issuesApp */,
			);
		};
/* End PBXProject section */

/* Begin PBXResourcesBuildPhase section */
		08DE568F1FA46E8700B152AC /* Resources */ = {
			isa = PBXResourcesBuildPhase;
			buildActionMask = 2147483647;
			files = (
				08DE569F1FA46E8800B152AC /* LaunchScreen.storyboard in Resources */,
				08DE569C1FA46E8800B152AC /* Assets.xcassets in Resources */,
				08DE569A1FA46E8800B152AC /* Main.storyboard in Resources */,
			);
			runOnlyForDeploymentPostprocessing = 0;
		};
/* End PBXResourcesBuildPhase section */

/* Begin PBXShellScriptBuildPhase section */
		43A9F59A9D99883889E3A610 /* [CP] Copy Pods Resources */ = {
			isa = PBXShellScriptBuildPhase;
			buildActionMask = 2147483647;
			files = (
			);
			inputPaths = (
			);
			name = "[CP] Copy Pods Resources";
			outputPaths = (
			);
			runOnlyForDeploymentPostprocessing = 0;
			shellPath = /bin/sh;
			shellScript = "\"${SRCROOT}/Pods/Target Support Files/Pods-issuesApp/Pods-issuesApp-resources.sh\"\n";
			showEnvVarsInLog = 0;
		};
		6FCD4398DBF63BE9CB0405B3 /* [CP] Check Pods Manifest.lock */ = {
			isa = PBXShellScriptBuildPhase;
			buildActionMask = 2147483647;
			files = (
			);
			inputPaths = (
			);
			name = "[CP] Check Pods Manifest.lock";
			outputPaths = (
			);
			runOnlyForDeploymentPostprocessing = 0;
			shellPath = /bin/sh;
			shellScript = "diff \"${PODS_PODFILE_DIR_PATH}/Podfile.lock\" \"${PODS_ROOT}/Manifest.lock\" > /dev/null\nif [ $? != 0 ] ; then\n    # print error to STDERR\n    echo \"error: The sandbox is not in sync with the Podfile.lock. Run 'pod install' or update your CocoaPods installation.\" >&2\n    exit 1\nfi\n";
			showEnvVarsInLog = 0;
		};
		DC87894E9AFDDC1CB2C11D89 /* [CP] Embed Pods Frameworks */ = {
			isa = PBXShellScriptBuildPhase;
			buildActionMask = 2147483647;
			files = (
			);
			inputPaths = (
			);
			name = "[CP] Embed Pods Frameworks";
			outputPaths = (
			);
			runOnlyForDeploymentPostprocessing = 0;
			shellPath = /bin/sh;
			shellScript = "\"${SRCROOT}/Pods/Target Support Files/Pods-issuesApp/Pods-issuesApp-frameworks.sh\"\n";
			showEnvVarsInLog = 0;
		};
/* End PBXShellScriptBuildPhase section */

/* Begin PBXSourcesBuildPhase section */
		08DE568D1FA46E8700B152AC /* Sources */ = {
			isa = PBXSourcesBuildPhase;
			buildActionMask = 2147483647;
			files = (
				08DE56AA1FA475D500B152AC /* LoginViewController.swift in Sources */,
				08DE56951FA46E8800B152AC /* AppDelegate.swift in Sources */,
			);
			runOnlyForDeploymentPostprocessing = 0;
		};
/* End PBXSourcesBuildPhase section */

/* Begin PBXVariantGroup section */
		08DE56981FA46E8800B152AC /* Main.storyboard */ = {
			isa = PBXVariantGroup;
			children = (
				08DE56991FA46E8800B152AC /* Base */,
			);
			name = Main.storyboard;
			sourceTree = "<group>";
		};
		08DE569D1FA46E8800B152AC /* LaunchScreen.storyboard */ = {
			isa = PBXVariantGroup;
			children = (
				08DE569E1FA46E8800B152AC /* Base */,
			);
			name = LaunchScreen.storyboard;
			sourceTree = "<group>";
		};
/* End PBXVariantGroup section */

/* Begin XCBuildConfiguration section */
		08DE56A11FA46E8800B152AC /* Debug */ = {
			isa = XCBuildConfiguration;
			buildSettings = {
				ALWAYS_SEARCH_USER_PATHS = NO;
				CLANG_ANALYZER_NONNULL = YES;
				CLANG_CXX_LANGUAGE_STANDARD = "gnu++0x";
				CLANG_CXX_LIBRARY = "libc++";
				CLANG_ENABLE_MODULES = YES;
				CLANG_ENABLE_OBJC_ARC = YES;
				CLANG_WARN_BOOL_CONVERSION = YES;
				CLANG_WARN_CONSTANT_CONVERSION = YES;
				CLANG_WARN_DIRECT_OBJC_ISA_USAGE = YES_ERROR;
				CLANG_WARN_DOCUMENTATION_COMMENTS = YES;
				CLANG_WARN_EMPTY_BODY = YES;
				CLANG_WARN_ENUM_CONVERSION = YES;
				CLANG_WARN_INFINITE_RECURSION = YES;
				CLANG_WARN_INT_CONVERSION = YES;
				CLANG_WARN_OBJC_ROOT_CLASS = YES_ERROR;
				CLANG_WARN_SUSPICIOUS_MOVES = YES;
				CLANG_WARN_UNREACHABLE_CODE = YES;
				CLANG_WARN__DUPLICATE_METHOD_MATCH = YES;
				"CODE_SIGN_IDENTITY[sdk=iphoneos*]" = "iPhone Developer";
				COPY_PHASE_STRIP = NO;
				DEBUG_INFORMATION_FORMAT = dwarf;
				ENABLE_STRICT_OBJC_MSGSEND = YES;
				ENABLE_TESTABILITY = YES;
				GCC_C_LANGUAGE_STANDARD = gnu99;
				GCC_DYNAMIC_NO_PIC = NO;
				GCC_NO_COMMON_BLOCKS = YES;
				GCC_OPTIMIZATION_LEVEL = 0;
				GCC_PREPROCESSOR_DEFINITIONS = (
					"DEBUG=1",
					"$(inherited)",
				);
				GCC_WARN_64_TO_32_BIT_CONVERSION = YES;
				GCC_WARN_ABOUT_RETURN_TYPE = YES_ERROR;
				GCC_WARN_UNDECLARED_SELECTOR = YES;
				GCC_WARN_UNINITIALIZED_AUTOS = YES_AGGRESSIVE;
				GCC_WARN_UNUSED_FUNCTION = YES;
				GCC_WARN_UNUSED_VARIABLE = YES;
				IPHONEOS_DEPLOYMENT_TARGET = 10.0;
				MTL_ENABLE_DEBUG_INFO = YES;
				ONLY_ACTIVE_ARCH = YES;
				SDKROOT = iphoneos;
				SWIFT_ACTIVE_COMPILATION_CONDITIONS = DEBUG;
				SWIFT_OPTIMIZATION_LEVEL = "-Onone";
			};
			name = Debug;
		};
		08DE56A21FA46E8800B152AC /* Release */ = {
			isa = XCBuildConfiguration;
			buildSettings = {
				ALWAYS_SEARCH_USER_PATHS = NO;
				CLANG_ANALYZER_NONNULL = YES;
				CLANG_CXX_LANGUAGE_STANDARD = "gnu++0x";
				CLANG_CXX_LIBRARY = "libc++";
				CLANG_ENABLE_MODULES = YES;
				CLANG_ENABLE_OBJC_ARC = YES;
				CLANG_WARN_BOOL_CONVERSION = YES;
				CLANG_WARN_CONSTANT_CONVERSION = YES;
				CLANG_WARN_DIRECT_OBJC_ISA_USAGE = YES_ERROR;
				CLANG_WARN_DOCUMENTATION_COMMENTS = YES;
				CLANG_WARN_EMPTY_BODY = YES;
				CLANG_WARN_ENUM_CONVERSION = YES;
				CLANG_WARN_INFINITE_RECURSION = YES;
				CLANG_WARN_INT_CONVERSION = YES;
				CLANG_WARN_OBJC_ROOT_CLASS = YES_ERROR;
				CLANG_WARN_SUSPICIOUS_MOVES = YES;
				CLANG_WARN_UNREACHABLE_CODE = YES;
				CLANG_WARN__DUPLICATE_METHOD_MATCH = YES;
				"CODE_SIGN_IDENTITY[sdk=iphoneos*]" = "iPhone Developer";
				COPY_PHASE_STRIP = NO;
				DEBUG_INFORMATION_FORMAT = "dwarf-with-dsym";
				ENABLE_NS_ASSERTIONS = NO;
				ENABLE_STRICT_OBJC_MSGSEND = YES;
				GCC_C_LANGUAGE_STANDARD = gnu99;
				GCC_NO_COMMON_BLOCKS = YES;
				GCC_WARN_64_TO_32_BIT_CONVERSION = YES;
				GCC_WARN_ABOUT_RETURN_TYPE = YES_ERROR;
				GCC_WARN_UNDECLARED_SELECTOR = YES;
				GCC_WARN_UNINITIALIZED_AUTOS = YES_AGGRESSIVE;
				GCC_WARN_UNUSED_FUNCTION = YES;
				GCC_WARN_UNUSED_VARIABLE = YES;
				IPHONEOS_DEPLOYMENT_TARGET = 10.0;
				MTL_ENABLE_DEBUG_INFO = NO;
				SDKROOT = iphoneos;
				SWIFT_OPTIMIZATION_LEVEL = "-Owholemodule";
				VALIDATE_PRODUCT = YES;
			};
			name = Release;
		};
		08DE56A41FA46E8800B152AC /* Debug */ = {
			isa = XCBuildConfiguration;
			baseConfigurationReference = 27325D7E0AE45669A71D962A /* Pods-issuesApp.debug.xcconfig */;
			buildSettings = {
				ASSETCATALOG_COMPILER_APPICON_NAME = AppIcon;
				INFOPLIST_FILE = issuesApp/Info.plist;
				LD_RUNPATH_SEARCH_PATHS = "$(inherited) @executable_path/Frameworks";
				PRODUCT_BUNDLE_IDENTIFIER = com.gdsfav.issuesApp;
				PRODUCT_NAME = "$(TARGET_NAME)";
				SWIFT_VERSION = 3.0;
			};
			name = Debug;
		};
		08DE56A51FA46E8800B152AC /* Release */ = {
			isa = XCBuildConfiguration;
			baseConfigurationReference = 79E17397501EC7CD6FB22CF4 /* Pods-issuesApp.release.xcconfig */;
			buildSettings = {
				ASSETCATALOG_COMPILER_APPICON_NAME = AppIcon;
				INFOPLIST_FILE = issuesApp/Info.plist;
				LD_RUNPATH_SEARCH_PATHS = "$(inherited) @executable_path/Frameworks";
				PRODUCT_BUNDLE_IDENTIFIER = com.gdsfav.issuesApp;
				PRODUCT_NAME = "$(TARGET_NAME)";
				SWIFT_VERSION = 3.0;
			};
			name = Release;
		};
/* End XCBuildConfiguration section */

/* Begin XCConfigurationList section */
		08DE568C1FA46E8700B152AC /* Build configuration list for PBXProject "issuesApp" */ = {
			isa = XCConfigurationList;
			buildConfigurations = (
				08DE56A11FA46E8800B152AC /* Debug */,
				08DE56A21FA46E8800B152AC /* Release */,
			);
			defaultConfigurationIsVisible = 0;
			defaultConfigurationName = Release;
		};
		08DE56A31FA46E8800B152AC /* Build configuration list for PBXNativeTarget "issuesApp" */ = {
			isa = XCConfigurationList;
			buildConfigurations = (
				08DE56A41FA46E8800B152AC /* Debug */,
				08DE56A51FA46E8800B152AC /* Release */,
			);
			defaultConfigurationIsVisible = 0;
			defaultConfigurationName = Release;
		};
/* End XCConfigurationList section */
	};
	rootObject = 08DE56891FA46E8700B152AC /* Project object */;
}
